
Microsoft Visual Studio Solution File, Format Version 12.00
# Visual Studio 14
VisualStudioVersion = 14.0.25420.1
MinimumVisualStudioVersion = 10.0.40219.1
Project("{2150E333-8FDC-42A3-9474-1A3956D46DE8}") = "src", "src", "{E3DC27F5-33FB-498B-8A4D-ED6DE6186B83}"
EndProject
Project("{2150E333-8FDC-42A3-9474-1A3956D46DE8}") = "Solution Items", "Solution Items", "{3DDFA702-7592-4FCD-94CA-0F080D930D7B}"
	ProjectSection(SolutionItems) = preProject
		global.json = global.json
	EndProjectSection
EndProject
Project("{8BB2217D-0F2D-49D1-97BC-3654ED321F3B}") = "iBalekaAPI.Models", "src\iBalekaAPI.Models\iBalekaAPI.Models.xproj", "{D1065343-7A2B-4406-B645-0E9E5F8F7B63}"
EndProject
Project("{8BB2217D-0F2D-49D1-97BC-3654ED321F3B}") = "iBalekaAPI.Data", "src\iBalekaAPI.Data\iBalekaAPI.Data.xproj", "{5719C1BB-01B8-4E8D-8FAD-C8B3B5158E83}"
EndProject
Project("{8BB2217D-0F2D-49D1-97BC-3654ED321F3B}") = "iBalekaAPI.Service", "src\iBalekaAPI.Services\iBalekaAPI.Service.xproj", "{E5814AA0-C797-4B0E-A507-603DB5D98C26}"
EndProject
Project("{8BB2217D-0F2D-49D1-97BC-3654ED321F3B}") = "iBalekaAPI", "src\iBalekaAPI\iBalekaAPI.xproj", "{B6C3629D-52E6-4F6F-AB90-422A0A3CAE7C}"
EndProject
Global
	GlobalSection(SolutionConfigurationPlatforms) = preSolution
		Debug|Any CPU = Debug|Any CPU
		Release|Any CPU = Release|Any CPU
	EndGlobalSection
	GlobalSection(ProjectConfigurationPlatforms) = postSolution
		{D1065343-7A2B-4406-B645-0E9E5F8F7B63}.Debug|Any CPU.ActiveCfg = Debug|Any CPU
		{D1065343-7A2B-4406-B645-0E9E5F8F7B63}.Debug|Any CPU.Build.0 = Debug|Any CPU
		{D1065343-7A2B-4406-B645-0E9E5F8F7B63}.Release|Any CPU.ActiveCfg = Release|Any CPU
		{D1065343-7A2B-4406-B645-0E9E5F8F7B63}.Release|Any CPU.Build.0 = Release|Any CPU
		{5719C1BB-01B8-4E8D-8FAD-C8B3B5158E83}.Debug|Any CPU.ActiveCfg = Debug|Any CPU
		{5719C1BB-01B8-4E8D-8FAD-C8B3B5158E83}.Debug|Any CPU.Build.0 = Debug|Any CPU
		{5719C1BB-01B8-4E8D-8FAD-C8B3B5158E83}.Release|Any CPU.ActiveCfg = Release|Any CPU
		{5719C1BB-01B8-4E8D-8FAD-C8B3B5158E83}.Release|Any CPU.Build.0 = Release|Any CPU
		{E5814AA0-C797-4B0E-A507-603DB5D98C26}.Debug|Any CPU.ActiveCfg = Debug|Any CPU
		{E5814AA0-C797-4B0E-A507-603DB5D98C26}.Debug|Any CPU.Build.0 = Debug|Any CPU
		{E5814AA0-C797-4B0E-A507-603DB5D98C26}.Release|Any CPU.ActiveCfg = Release|Any CPU
		{E5814AA0-C797-4B0E-A507-603DB5D98C26}.Release|Any CPU.Build.0 = Release|Any CPU
		{B6C3629D-52E6-4F6F-AB90-422A0A3CAE7C}.Debug|Any CPU.ActiveCfg = Debug|Any CPU
		{B6C3629D-52E6-4F6F-AB90-422A0A3CAE7C}.Debug|Any CPU.Build.0 = Debug|Any CPU
		{B6C3629D-52E6-4F6F-AB90-422A0A3CAE7C}.Release|Any CPU.ActiveCfg = Release|Any CPU
		{B6C3629D-52E6-4F6F-AB90-422A0A3CAE7C}.Release|Any CPU.Build.0 = Release|Any CPU
	EndGlobalSection
	GlobalSection(SolutionProperties) = preSolution
		HideSolutionNode = FALSE
	EndGlobalSection
	GlobalSection(NestedProjects) = preSolution
		{D1065343-7A2B-4406-B645-0E9E5F8F7B63} = {E3DC27F5-33FB-498B-8A4D-ED6DE6186B83}
		{5719C1BB-01B8-4E8D-8FAD-C8B3B5158E83} = {E3DC27F5-33FB-498B-8A4D-ED6DE6186B83}
		{E5814AA0-C797-4B0E-A507-603DB5D98C26} = {E3DC27F5-33FB-498B-8A4D-ED6DE6186B83}
		{B6C3629D-52E6-4F6F-AB90-422A0A3CAE7C} = {E3DC27F5-33FB-498B-8A4D-ED6DE6186B83}
	EndGlobalSection
EndGlobal
